
Microsoft Visual Studio Solution File, Format Version 12.00
# Visual Studio Version 17
VisualStudioVersion = 17.9.34622.214
MinimumVisualStudioVersion = 10.0.40219.1
Project("{FAE04EC0-301F-11D3-BF4B-00C04F79EFBC}") = "Listbox Döndürme", "Listbox Döndürme.csproj", "{BE81DA30-13F5-4107-A7D1-95C3A5CBAC1E}"
EndProject
Global
	GlobalSection(SolutionConfigurationPlatforms) = preSolution
		Debug|Any CPU = Debug|Any CPU
		Release|Any CPU = Release|Any CPU
	EndGlobalSection
	GlobalSection(ProjectConfigurationPlatforms) = postSolution
		{BE81DA30-13F5-4107-A7D1-95C3A5CBAC1E}.Debug|Any CPU.ActiveCfg = Debug|Any CPU
		{BE81DA30-13F5-4107-A7D1-95C3A5CBAC1E}.Debug|Any CPU.Build.0 = Debug|Any CPU
		{BE81DA30-13F5-4107-A7D1-95C3A5CBAC1E}.Release|Any CPU.ActiveCfg = Release|Any CPU
		{BE81DA30-13F5-4107-A7D1-95C3A5CBAC1E}.Release|Any CPU.Build.0 = Release|Any CPU
	EndGlobalSection
	GlobalSection(SolutionProperties) = preSolution
		HideSolutionNode = FALSE
	EndGlobalSection
	GlobalSection(ExtensibilityGlobals) = postSolution
		SolutionGuid = {9163551C-D60E-43B0-8FD3-BB3B67C0CD9F}
	EndGlobalSection
EndGlobal
