
Microsoft Visual Studio Solution File, Format Version 12.00
# Visual Studio Version 17
VisualStudioVersion = 17.9.34622.214
MinimumVisualStudioVersion = 10.0.40219.1
Project("{FAE04EC0-301F-11D3-BF4B-00C04F79EFBC}") = "Tab Order Ayarlama", "Tab Order Ayarlama.csproj", "{F2C5F12B-8803-4905-A1CC-46514647B1AD}"
EndProject
Global
	GlobalSection(SolutionConfigurationPlatforms) = preSolution
		Debug|Any CPU = Debug|Any CPU
		Release|Any CPU = Release|Any CPU
	EndGlobalSection
	GlobalSection(ProjectConfigurationPlatforms) = postSolution
		{F2C5F12B-8803-4905-A1CC-46514647B1AD}.Debug|Any CPU.ActiveCfg = Debug|Any CPU
		{F2C5F12B-8803-4905-A1CC-46514647B1AD}.Debug|Any CPU.Build.0 = Debug|Any CPU
		{F2C5F12B-8803-4905-A1CC-46514647B1AD}.Release|Any CPU.ActiveCfg = Release|Any CPU
		{F2C5F12B-8803-4905-A1CC-46514647B1AD}.Release|Any CPU.Build.0 = Release|Any CPU
	EndGlobalSection
	GlobalSection(SolutionProperties) = preSolution
		HideSolutionNode = FALSE
	EndGlobalSection
	GlobalSection(ExtensibilityGlobals) = postSolution
		SolutionGuid = {F79F6DC2-FC7E-4735-AC3F-5E33905E893E}
	EndGlobalSection
EndGlobal
